
Microsoft Visual Studio Solution File, Format Version 12.00
# Visual Studio Version 17
VisualStudioVersion = 17.6.33815.320
MinimumVisualStudioVersion = 10.0.40219.1
Project("{FAE04EC0-301F-11D3-BF4B-00C04F79EFBC}") = "LearnJapaneseWithManga", "LearnJapaneseWithManga.csproj", "{10D36239-CD2E-4D5E-BD94-06B90D15311B}"
EndProject
Global
	GlobalSection(SolutionConfigurationPlatforms) = preSolution
		Debug|Any CPU = Debug|Any CPU
		Release|Any CPU = Release|Any CPU
	EndGlobalSection
	GlobalSection(ProjectConfigurationPlatforms) = postSolution
		{10D36239-CD2E-4D5E-BD94-06B90D15311B}.Debug|Any CPU.ActiveCfg = Debug|Any CPU
		{10D36239-CD2E-4D5E-BD94-06B90D15311B}.Debug|Any CPU.Build.0 = Debug|Any CPU
		{10D36239-CD2E-4D5E-BD94-06B90D15311B}.Release|Any CPU.ActiveCfg = Release|Any CPU
		{10D36239-CD2E-4D5E-BD94-06B90D15311B}.Release|Any CPU.Build.0 = Release|Any CPU
	EndGlobalSection
	GlobalSection(SolutionProperties) = preSolution
		HideSolutionNode = FALSE
	EndGlobalSection
	GlobalSection(ExtensibilityGlobals) = postSolution
		SolutionGuid = {871A52C4-8B92-41EA-8D4C-5E107B675984}
	EndGlobalSection
EndGlobal
